schema: '2.0'
stages:
  data_ingestion:
    cmd: python3 src/liver/pipeline/stage_01_data_ingestion.py
    deps:
    - path: src/liver/pipeline/stage_01_data_ingestion.py
      hash: md5
      md5: 7ad46779e0d88457b1ac1e3712151f61
      size: 856
    outs:
    - path: artifacts/data_ingestion/liver.csv
      hash: md5
      md5: 916eda6c3ca1ec22e900e1eac179cc24
      size: 23930
    - path: artifacts/data_ingestion/liver.zip
      hash: md5
      md5: fd370a42868cfb4220c934d7ea64c907
      size: 7702
  data_validation:
    cmd: python3 src/liver/pipeline/stage_02_data_validation.py
    deps:
    - path: artifacts/data_ingestion/liver.csv
      hash: md5
      md5: 916eda6c3ca1ec22e900e1eac179cc24
      size: 23930
    - path: src/liver/pipeline/stage_02_data_validation.py
      hash: md5
      md5: 734022a822ee4949b5c144511b591b01
      size: 827
    outs:
    - path: artifacts/data_validation/status.txt
      hash: md5
      md5: 86e6a2f694c57a675b3e2da6b95ff9ba
      size: 23
  data_transformation:
    cmd: python3 src/liver/pipeline/stage_03_data_transformation.py
    deps:
    - path: artifacts/data_ingestion/liver.csv
      hash: md5
      md5: 916eda6c3ca1ec22e900e1eac179cc24
      size: 23930
    - path: src/liver/pipeline/stage_03_data_transformation.py
      hash: md5
      md5: 7351d1ad767304f74a929fc602009ced
      size: 1017
    outs:
    - path: artifacts/data_transformation/test.csv
      hash: md5
      md5: 78ffcb8e0fb1756f287ea0d6b290e789
      size: 7929
    - path: artifacts/data_transformation/train.csv
      hash: md5
      md5: dfa469132497f12020fba6a31254339b
      size: 23468
  model_training:
    cmd: python3 src/liver/pipeline/stage_04_model_training.py
    deps:
    - path: artifacts/data_transformation/test.csv
      hash: md5
      md5: 78ffcb8e0fb1756f287ea0d6b290e789
      size: 7929
    - path: artifacts/data_transformation/train.csv
      hash: md5
      md5: dfa469132497f12020fba6a31254339b
      size: 23468
    - path: src/liver/pipeline/stage_04_model_training.py
      hash: md5
      md5: ef014b1294e98363a0153a139b430da1
      size: 798
    params:
      params.yaml:
        Random_forest.max_depth: 10
        Random_forest.min_samples_leaf: 1
        Random_forest.min_samples_split: 4
        Random_forest.n_estimators: 200
    outs:
    - path: artifacts/model_training/model.joblib
      hash: md5
      md5: 974986a81846c86eaece355094bc7a58
      size: 2008185
